<?xml version="1.0" encoding="utf-8"?>
<Project ToolsVersion="4.0" xmlns="http://schemas.microsoft.com/developer/msbuild/2003">
  <ItemGroup>
    <Filter Include="Source Files">
      <UniqueIdentifier>{4FC737F1-C7A5-4376-A066-2A32D752A2FF}</UniqueIdentifier>
      <Extensions>cpp;c;cc;cxx;def;odl;idl;hpj;bat;asm;asmx</Extensions>
    </Filter>
    <Filter Include="Header Files">
      <UniqueIdentifier>{93995380-89BD-4b04-88EB-625FBE52EBFB}</UniqueIdentifier>
      <Extensions>h;hpp;hxx;hm;inl;inc;xsd</Extensions>
    </Filter>
    <Filter Include="Resource Files">
      <UniqueIdentifier>{67DA6AB6-F800-4c08-8B7A-83BB121AAD01}</UniqueIdentifier>
      <Extensions>rc;ico;cur;bmp;dlg;rc2;rct;bin;rgs;gif;jpg;jpeg;jpe;resx;tiff;tif;png;wav</Extensions>
    </Filter>
  </ItemGroup>
  <ItemGroup>
    <ClCompile Include="src\Com.cpp">
      <Filter>Source Files</Filter>
    </ClCompile>
    <ClCompile Include="src\jmtp.cpp">
      <Filter>Source Files</Filter>
    </ClCompile>
    <ClCompile Include="src\OleDate.cpp">
      <Filter>Source Files</Filter>
    </ClCompile>
    <ClCompile Include="src\PortableDevice.cpp">
      <Filter>Source Files</Filter>
    </ClCompile>
    <ClCompile Include="src\PortableDeviceContent.cpp">
      <Filter>Source Files</Filter>
    </ClCompile>
    <ClCompile Include="src\PortableDeviceKeyCollection.cpp">
      <Filter>Source Files</Filter>
    </ClCompile>
    <ClCompile Include="src\PortableDeviceManager.cpp">
      <Filter>Source Files</Filter>
    </ClCompile>
    <ClCompile Include="src\PortableDeviceProperties.cpp">
      <Filter>Source Files</Filter>
    </ClCompile>
    <ClCompile Include="src\PortableDevicePropVariantCollection.cpp">
      <Filter>Source Files</Filter>
    </ClCompile>
    <ClCompile Include="src\PortableDeviceValues.cpp">
      <Filter>Source Files</Filter>
    </ClCompile>
  </ItemGroup>
  <ItemGroup>
    <ClInclude Include="src\be_derycke_pieter_com_COM.h">
      <Filter>Header Files</Filter>
    </ClInclude>
    <ClInclude Include="src\be_derycke_pieter_com_COMReference.h">
      <Filter>Header Files</Filter>
    </ClInclude>
    <ClInclude Include="src\be_derycke_pieter_com_OleDate.h">
      <Filter>Header Files</Filter>
    </ClInclude>
    <ClInclude Include="src\jmtp.h">
      <Filter>Header Files</Filter>
    </ClInclude>
    <ClInclude Include="src\jmtp_PortableDeviceContentImplWin32.h">
      <Filter>Header Files</Filter>
    </ClInclude>
    <ClInclude Include="src\jmtp_PortableDeviceImplWin32.h">
      <Filter>Header Files</Filter>
    </ClInclude>
    <ClInclude Include="src\jmtp_PortableDeviceKeyCollectionImplWin32.h">
      <Filter>Header Files</Filter>
    </ClInclude>
    <ClInclude Include="src\jmtp_PortableDeviceManagerImplWin32.h">
      <Filter>Header Files</Filter>
    </ClInclude>
    <ClInclude Include="src\jmtp_PortableDeviceManagerImplWin32_PortableDeviceIterator.h">
      <Filter>Header Files</Filter>
    </ClInclude>
    <ClInclude Include="src\jmtp_PortableDevicePropertiesImplWin32.h">
      <Filter>Header Files</Filter>
    </ClInclude>
    <ClInclude Include="src\jmtp_PortableDevicePropVariantCollectionImplWin32.h">
      <Filter>Header Files</Filter>
    </ClInclude>
    <ClInclude Include="src\jmtp_PortableDeviceValuesImplWin32.h">
      <Filter>Header Files</Filter>
    </ClInclude>
  </ItemGroup>
</Project>